
Microsoft Visual Studio Solution File, Format Version 12.00
# Visual Studio Version 17
VisualStudioVersion = 17.0.31903.59
MinimumVisualStudioVersion = 10.0.40219.1
Project("{FAE04EC0-301F-11D3-BF4B-00C04F79EFBC}") = "BulkyBook", "BulkyBook\BulkyBook.csproj", "{6143E2AE-0D31-4A05-8A63-DF18F3973997}"
EndProject
Global
	GlobalSection(SolutionConfigurationPlatforms) = preSolution
		Debug|Any CPU = Debug|Any CPU
		Release|Any CPU = Release|Any CPU
	EndGlobalSection
	GlobalSection(ProjectConfigurationPlatforms) = postSolution
		{6143E2AE-0D31-4A05-8A63-DF18F3973997}.Debug|Any CPU.ActiveCfg = Debug|Any CPU
		{6143E2AE-0D31-4A05-8A63-DF18F3973997}.Debug|Any CPU.Build.0 = Debug|Any CPU
		{6143E2AE-0D31-4A05-8A63-DF18F3973997}.Release|Any CPU.ActiveCfg = Release|Any CPU
		{6143E2AE-0D31-4A05-8A63-DF18F3973997}.Release|Any CPU.Build.0 = Release|Any CPU
	EndGlobalSection
	GlobalSection(SolutionProperties) = preSolution
		HideSolutionNode = FALSE
	EndGlobalSection
	GlobalSection(ExtensibilityGlobals) = postSolution
		SolutionGuid = {9778B7D9-AB46-449B-9D8E-098D1C77639B}
	EndGlobalSection
EndGlobal
