
Microsoft Visual Studio Solution File, Format Version 12.00
# Visual Studio Version 17
VisualStudioVersion = 17.0.31903.59
MinimumVisualStudioVersion = 10.0.40219.1
Project("{FAE04EC0-301F-11D3-BF4B-00C04F79EFBC}") = "BulkyBook", "BulkyBook\BulkyBook.csproj", "{1FBB2A54-DCB6-46C0-BD14-C86846528D14}"
EndProject
Global
	GlobalSection(SolutionConfigurationPlatforms) = preSolution
		Debug|Any CPU = Debug|Any CPU
		Release|Any CPU = Release|Any CPU
	EndGlobalSection
	GlobalSection(ProjectConfigurationPlatforms) = postSolution
		{1FBB2A54-DCB6-46C0-BD14-C86846528D14}.Debug|Any CPU.ActiveCfg = Debug|Any CPU
		{1FBB2A54-DCB6-46C0-BD14-C86846528D14}.Debug|Any CPU.Build.0 = Debug|Any CPU
		{1FBB2A54-DCB6-46C0-BD14-C86846528D14}.Release|Any CPU.ActiveCfg = Release|Any CPU
		{1FBB2A54-DCB6-46C0-BD14-C86846528D14}.Release|Any CPU.Build.0 = Release|Any CPU
	EndGlobalSection
	GlobalSection(SolutionProperties) = preSolution
		HideSolutionNode = FALSE
	EndGlobalSection
	GlobalSection(ExtensibilityGlobals) = postSolution
		SolutionGuid = {2387F3C6-B027-4BBC-A0F2-3577CFB1E381}
	EndGlobalSection
EndGlobal
